
Microsoft Visual Studio Solution File, Format Version 12.00
# Visual Studio 15
VisualStudioVersion = 15.0.27406.0
MinimumVisualStudioVersion = 10.0.40219.1
Project("{FAE04EC0-301F-11D3-BF4B-00C04F79EFBC}") = "AMQP.Exemplo", "AMQP.Exemplo\AMQP.Exemplo.csproj", "{8CF40F71-9CC4-4795-9DF0-B70BC1253D15}"
EndProject
Project("{E53339B2-1760-4266-BCC7-CA923CBCF16C}") = "docker-compose", "docker-compose.dcproj", "{88966B21-816D-452F-83F8-90DC60A33C3F}"
EndProject
Global
	GlobalSection(SolutionConfigurationPlatforms) = preSolution
		Debug|Any CPU = Debug|Any CPU
		Release|Any CPU = Release|Any CPU
	EndGlobalSection
	GlobalSection(ProjectConfigurationPlatforms) = postSolution
		{8CF40F71-9CC4-4795-9DF0-B70BC1253D15}.Debug|Any CPU.ActiveCfg = Debug|Any CPU
		{8CF40F71-9CC4-4795-9DF0-B70BC1253D15}.Debug|Any CPU.Build.0 = Debug|Any CPU
		{8CF40F71-9CC4-4795-9DF0-B70BC1253D15}.Release|Any CPU.ActiveCfg = Release|Any CPU
		{8CF40F71-9CC4-4795-9DF0-B70BC1253D15}.Release|Any CPU.Build.0 = Release|Any CPU
		{88966B21-816D-452F-83F8-90DC60A33C3F}.Debug|Any CPU.ActiveCfg = Debug|Any CPU
		{88966B21-816D-452F-83F8-90DC60A33C3F}.Debug|Any CPU.Build.0 = Debug|Any CPU
		{88966B21-816D-452F-83F8-90DC60A33C3F}.Release|Any CPU.ActiveCfg = Release|Any CPU
		{88966B21-816D-452F-83F8-90DC60A33C3F}.Release|Any CPU.Build.0 = Release|Any CPU
	EndGlobalSection
	GlobalSection(SolutionProperties) = preSolution
		HideSolutionNode = FALSE
	EndGlobalSection
	GlobalSection(ExtensibilityGlobals) = postSolution
		SolutionGuid = {BB6A41CE-3491-49AC-B9A8-94039968121D}
	EndGlobalSection
EndGlobal
